
Microsoft Visual Studio Solution File, Format Version 12.00
# Visual Studio Version 17
VisualStudioVersion = 17.14.36221.1 d17.14
MinimumVisualStudioVersion = 10.0.40219.1
Project("{FAE04EC0-301F-11D3-BF4B-00C04F79EFBC}") = "GymManagementPL", "GymManagementPL\GymManagementPL.csproj", "{64E90F35-C8F4-42F6-A79A-188069CDC2C5}"
EndProject
Project("{FAE04EC0-301F-11D3-BF4B-00C04F79EFBC}") = "GymManagementDAL", "GymManagementDAL\GymManagementDAL.csproj", "{2330545F-C14F-4467-9E65-8A305370DEEE}"
EndProject
Project("{FAE04EC0-301F-11D3-BF4B-00C04F79EFBC}") = "GymManagemrntBLL", "GymManagemrntBLL\GymManagemrntBLL.csproj", "{F6BD3D63-DD1F-4975-8A7B-26853DA41DCE}"
EndProject
Global
	GlobalSection(SolutionConfigurationPlatforms) = preSolution
		Debug|Any CPU = Debug|Any CPU
		Release|Any CPU = Release|Any CPU
	EndGlobalSection
	GlobalSection(ProjectConfigurationPlatforms) = postSolution
		{64E90F35-C8F4-42F6-A79A-188069CDC2C5}.Debug|Any CPU.ActiveCfg = Debug|Any CPU
		{64E90F35-C8F4-42F6-A79A-188069CDC2C5}.Debug|Any CPU.Build.0 = Debug|Any CPU
		{64E90F35-C8F4-42F6-A79A-188069CDC2C5}.Release|Any CPU.ActiveCfg = Release|Any CPU
		{64E90F35-C8F4-42F6-A79A-188069CDC2C5}.Release|Any CPU.Build.0 = Release|Any CPU
		{2330545F-C14F-4467-9E65-8A305370DEEE}.Debug|Any CPU.ActiveCfg = Debug|Any CPU
		{2330545F-C14F-4467-9E65-8A305370DEEE}.Debug|Any CPU.Build.0 = Debug|Any CPU
		{2330545F-C14F-4467-9E65-8A305370DEEE}.Release|Any CPU.ActiveCfg = Release|Any CPU
		{2330545F-C14F-4467-9E65-8A305370DEEE}.Release|Any CPU.Build.0 = Release|Any CPU
		{F6BD3D63-DD1F-4975-8A7B-26853DA41DCE}.Debug|Any CPU.ActiveCfg = Debug|Any CPU
		{F6BD3D63-DD1F-4975-8A7B-26853DA41DCE}.Debug|Any CPU.Build.0 = Debug|Any CPU
		{F6BD3D63-DD1F-4975-8A7B-26853DA41DCE}.Release|Any CPU.ActiveCfg = Release|Any CPU
		{F6BD3D63-DD1F-4975-8A7B-26853DA41DCE}.Release|Any CPU.Build.0 = Release|Any CPU
	EndGlobalSection
	GlobalSection(SolutionProperties) = preSolution
		HideSolutionNode = FALSE
	EndGlobalSection
	GlobalSection(ExtensibilityGlobals) = postSolution
		SolutionGuid = {184C0C89-4565-4A6D-AC5D-1426ADEE625F}
	EndGlobalSection
EndGlobal
